
Microsoft Visual Studio Solution File, Format Version 12.00
# Visual Studio Version 16
VisualStudioVersion = 16.0.30011.22
MinimumVisualStudioVersion = 10.0.40219.1
Project("{8BC9CEB8-8B4A-11D0-8D11-00A0C91BC942}") = "tutorial_03", "tutorial_03\tutorial_03.vcxproj", "{AE5B0E47-461B-4FE4-8716-08D7CBB6D2F8}"
EndProject
Project("{8BC9CEB8-8B4A-11D0-8D11-00A0C91BC942}") = "tutorial_04", "tutorial_04\tutorial_04.vcxproj", "{F349D6EF-0FCF-44D6-9F1A-4FCCBA092A3E}"
EndProject
Project("{8BC9CEB8-8B4A-11D0-8D11-00A0C91BC942}") = "tutorial_05", "tutorial_05\tutorial_05.vcxproj", "{CF6AE2AD-A2D2-4811-B036-D757143CC5F2}"
EndProject
Project("{8BC9CEB8-8B4A-11D0-8D11-00A0C91BC942}") = "tutorial_06", "tutorial_06\tutorial_06.vcxproj", "{23FA57BB-5066-4B09-8E05-0E9FECA51144}"
EndProject
Project("{8BC9CEB8-8B4A-11D0-8D11-00A0C91BC942}") = "tutorial_07", "tutorial_07\tutorial_07.vcxproj", "{3B16922F-26B0-4C2C-AB0E-D382D5319334}"
EndProject
Project("{8BC9CEB8-8B4A-11D0-8D11-00A0C91BC942}") = "tutorial_16", "tutorial_16\tutorial_16.vcxproj", "{82939063-F95D-4983-B176-F662160FD432}"
EndProject
Project("{8BC9CEB8-8B4A-11D0-8D11-00A0C91BC942}") = "tutorial_17", "tutorial_17\tutorial_17.vcxproj", "{FF45B056-89AE-46A1-B22C-C3BB5FAFD4B4}"
EndProject
Project("{8BC9CEB8-8B4A-11D0-8D11-00A0C91BC942}") = "tutorial_22", "tutorial_22\tutorial_22.vcxproj", "{97CCA6C5-2D0F-4828-8016-AAF8540909D0}"
EndProject
Global
	GlobalSection(SolutionConfigurationPlatforms) = preSolution
		Debug|x64 = Debug|x64
		Debug|x86 = Debug|x86
		Release|x64 = Release|x64
		Release|x86 = Release|x86
	EndGlobalSection
	GlobalSection(ProjectConfigurationPlatforms) = postSolution
		{AE5B0E47-461B-4FE4-8716-08D7CBB6D2F8}.Debug|x64.ActiveCfg = Debug|x64
		{AE5B0E47-461B-4FE4-8716-08D7CBB6D2F8}.Debug|x64.Build.0 = Debug|x64
		{AE5B0E47-461B-4FE4-8716-08D7CBB6D2F8}.Debug|x86.ActiveCfg = Debug|Win32
		{AE5B0E47-461B-4FE4-8716-08D7CBB6D2F8}.Debug|x86.Build.0 = Debug|Win32
		{AE5B0E47-461B-4FE4-8716-08D7CBB6D2F8}.Release|x64.ActiveCfg = Release|x64
		{AE5B0E47-461B-4FE4-8716-08D7CBB6D2F8}.Release|x64.Build.0 = Release|x64
		{AE5B0E47-461B-4FE4-8716-08D7CBB6D2F8}.Release|x86.ActiveCfg = Release|Win32
		{AE5B0E47-461B-4FE4-8716-08D7CBB6D2F8}.Release|x86.Build.0 = Release|Win32
		{F349D6EF-0FCF-44D6-9F1A-4FCCBA092A3E}.Debug|x64.ActiveCfg = Debug|x64
		{F349D6EF-0FCF-44D6-9F1A-4FCCBA092A3E}.Debug|x64.Build.0 = Debug|x64
		{F349D6EF-0FCF-44D6-9F1A-4FCCBA092A3E}.Debug|x86.ActiveCfg = Debug|Win32
		{F349D6EF-0FCF-44D6-9F1A-4FCCBA092A3E}.Debug|x86.Build.0 = Debug|Win32
		{F349D6EF-0FCF-44D6-9F1A-4FCCBA092A3E}.Release|x64.ActiveCfg = Release|x64
		{F349D6EF-0FCF-44D6-9F1A-4FCCBA092A3E}.Release|x64.Build.0 = Release|x64
		{F349D6EF-0FCF-44D6-9F1A-4FCCBA092A3E}.Release|x86.ActiveCfg = Release|Win32
		{F349D6EF-0FCF-44D6-9F1A-4FCCBA092A3E}.Release|x86.Build.0 = Release|Win32
		{CF6AE2AD-A2D2-4811-B036-D757143CC5F2}.Debug|x64.ActiveCfg = Debug|x64
		{CF6AE2AD-A2D2-4811-B036-D757143CC5F2}.Debug|x64.Build.0 = Debug|x64
		{CF6AE2AD-A2D2-4811-B036-D757143CC5F2}.Debug|x86.ActiveCfg = Debug|Win32
		{CF6AE2AD-A2D2-4811-B036-D757143CC5F2}.Debug|x86.Build.0 = Debug|Win32
		{CF6AE2AD-A2D2-4811-B036-D757143CC5F2}.Release|x64.ActiveCfg = Release|x64
		{CF6AE2AD-A2D2-4811-B036-D757143CC5F2}.Release|x64.Build.0 = Release|x64
		{CF6AE2AD-A2D2-4811-B036-D757143CC5F2}.Release|x86.ActiveCfg = Release|Win32
		{CF6AE2AD-A2D2-4811-B036-D757143CC5F2}.Release|x86.Build.0 = Release|Win32
		{23FA57BB-5066-4B09-8E05-0E9FECA51144}.Debug|x64.ActiveCfg = Debug|x64
		{23FA57BB-5066-4B09-8E05-0E9FECA51144}.Debug|x64.Build.0 = Debug|x64
		{23FA57BB-5066-4B09-8E05-0E9FECA51144}.Debug|x86.ActiveCfg = Debug|Win32
		{23FA57BB-5066-4B09-8E05-0E9FECA51144}.Debug|x86.Build.0 = Debug|Win32
		{23FA57BB-5066-4B09-8E05-0E9FECA51144}.Release|x64.ActiveCfg = Release|x64
		{23FA57BB-5066-4B09-8E05-0E9FECA51144}.Release|x64.Build.0 = Release|x64
		{23FA57BB-5066-4B09-8E05-0E9FECA51144}.Release|x86.ActiveCfg = Release|Win32
		{23FA57BB-5066-4B09-8E05-0E9FECA51144}.Release|x86.Build.0 = Release|Win32
		{3B16922F-26B0-4C2C-AB0E-D382D5319334}.Debug|x64.ActiveCfg = Debug|x64
		{3B16922F-26B0-4C2C-AB0E-D382D5319334}.Debug|x64.Build.0 = Debug|x64
		{3B16922F-26B0-4C2C-AB0E-D382D5319334}.Debug|x86.ActiveCfg = Debug|Win32
		{3B16922F-26B0-4C2C-AB0E-D382D5319334}.Debug|x86.Build.0 = Debug|Win32
		{3B16922F-26B0-4C2C-AB0E-D382D5319334}.Release|x64.ActiveCfg = Release|x64
		{3B16922F-26B0-4C2C-AB0E-D382D5319334}.Release|x64.Build.0 = Release|x64
		{3B16922F-26B0-4C2C-AB0E-D382D5319334}.Release|x86.ActiveCfg = Release|Win32
		{3B16922F-26B0-4C2C-AB0E-D382D5319334}.Release|x86.Build.0 = Release|Win32
		{82939063-F95D-4983-B176-F662160FD432}.Debug|x64.ActiveCfg = Debug|x64
		{82939063-F95D-4983-B176-F662160FD432}.Debug|x64.Build.0 = Debug|x64
		{82939063-F95D-4983-B176-F662160FD432}.Debug|x86.ActiveCfg = Debug|Win32
		{82939063-F95D-4983-B176-F662160FD432}.Debug|x86.Build.0 = Debug|Win32
		{82939063-F95D-4983-B176-F662160FD432}.Release|x64.ActiveCfg = Release|x64
		{82939063-F95D-4983-B176-F662160FD432}.Release|x64.Build.0 = Release|x64
		{82939063-F95D-4983-B176-F662160FD432}.Release|x86.ActiveCfg = Release|Win32
		{82939063-F95D-4983-B176-F662160FD432}.Release|x86.Build.0 = Release|Win32
		{FF45B056-89AE-46A1-B22C-C3BB5FAFD4B4}.Debug|x64.ActiveCfg = Debug|x64
		{FF45B056-89AE-46A1-B22C-C3BB5FAFD4B4}.Debug|x64.Build.0 = Debug|x64
		{FF45B056-89AE-46A1-B22C-C3BB5FAFD4B4}.Debug|x86.ActiveCfg = Debug|Win32
		{FF45B056-89AE-46A1-B22C-C3BB5FAFD4B4}.Debug|x86.Build.0 = Debug|Win32
		{FF45B056-89AE-46A1-B22C-C3BB5FAFD4B4}.Release|x64.ActiveCfg = Release|x64
		{FF45B056-89AE-46A1-B22C-C3BB5FAFD4B4}.Release|x64.Build.0 = Release|x64
		{FF45B056-89AE-46A1-B22C-C3BB5FAFD4B4}.Release|x86.ActiveCfg = Release|Win32
		{FF45B056-89AE-46A1-B22C-C3BB5FAFD4B4}.Release|x86.Build.0 = Release|Win32
		{97CCA6C5-2D0F-4828-8016-AAF8540909D0}.Debug|x64.ActiveCfg = Debug|x64
		{97CCA6C5-2D0F-4828-8016-AAF8540909D0}.Debug|x64.Build.0 = Debug|x64
		{97CCA6C5-2D0F-4828-8016-AAF8540909D0}.Debug|x86.ActiveCfg = Debug|Win32
		{97CCA6C5-2D0F-4828-8016-AAF8540909D0}.Debug|x86.Build.0 = Debug|Win32
		{97CCA6C5-2D0F-4828-8016-AAF8540909D0}.Release|x64.ActiveCfg = Release|x64
		{97CCA6C5-2D0F-4828-8016-AAF8540909D0}.Release|x64.Build.0 = Release|x64
		{97CCA6C5-2D0F-4828-8016-AAF8540909D0}.Release|x86.ActiveCfg = Release|Win32
		{97CCA6C5-2D0F-4828-8016-AAF8540909D0}.Release|x86.Build.0 = Release|Win32
	EndGlobalSection
	GlobalSection(SolutionProperties) = preSolution
		HideSolutionNode = FALSE
	EndGlobalSection
	GlobalSection(ExtensibilityGlobals) = postSolution
		SolutionGuid = {C04D1541-08BD-4DDB-9B75-F250F536C736}
	EndGlobalSection
EndGlobal
